
Microsoft Visual Studio Solution File, Format Version 12.00
# Visual Studio Version 16
VisualStudioVersion = 16.0.29709.97
MinimumVisualStudioVersion = 10.0.40219.1
Project("{FAE04EC0-301F-11D3-BF4B-00C04F79EFBC}") = "CharacterTracker.Web", "CharacterTracker\CharacterTracker.Web.csproj", "{8FFA1611-0BC3-464B-BA75-4103BED7FE73}"
EndProject
Project("{FAE04EC0-301F-11D3-BF4B-00C04F79EFBC}") = "Character.Data", "Character.Data\Character.Data.csproj", "{67E25979-198D-4D42-AFE7-2470F90E0C40}"
EndProject
Project("{FAE04EC0-301F-11D3-BF4B-00C04F79EFBC}") = "Character.Data.EF", "Character.Data.EF\Character.Data.EF.csproj", "{B9B495E8-1CB8-41D6-B243-F1133026DD4A}"
EndProject
Global
	GlobalSection(SolutionConfigurationPlatforms) = preSolution
		Debug|Any CPU = Debug|Any CPU
		Release|Any CPU = Release|Any CPU
	EndGlobalSection
	GlobalSection(ProjectConfigurationPlatforms) = postSolution
		{8FFA1611-0BC3-464B-BA75-4103BED7FE73}.Debug|Any CPU.ActiveCfg = Debug|Any CPU
		{8FFA1611-0BC3-464B-BA75-4103BED7FE73}.Debug|Any CPU.Build.0 = Debug|Any CPU
		{8FFA1611-0BC3-464B-BA75-4103BED7FE73}.Release|Any CPU.ActiveCfg = Release|Any CPU
		{8FFA1611-0BC3-464B-BA75-4103BED7FE73}.Release|Any CPU.Build.0 = Release|Any CPU
		{67E25979-198D-4D42-AFE7-2470F90E0C40}.Debug|Any CPU.ActiveCfg = Debug|Any CPU
		{67E25979-198D-4D42-AFE7-2470F90E0C40}.Debug|Any CPU.Build.0 = Debug|Any CPU
		{67E25979-198D-4D42-AFE7-2470F90E0C40}.Release|Any CPU.ActiveCfg = Release|Any CPU
		{67E25979-198D-4D42-AFE7-2470F90E0C40}.Release|Any CPU.Build.0 = Release|Any CPU
		{B9B495E8-1CB8-41D6-B243-F1133026DD4A}.Debug|Any CPU.ActiveCfg = Debug|Any CPU
		{B9B495E8-1CB8-41D6-B243-F1133026DD4A}.Debug|Any CPU.Build.0 = Debug|Any CPU
		{B9B495E8-1CB8-41D6-B243-F1133026DD4A}.Release|Any CPU.ActiveCfg = Release|Any CPU
		{B9B495E8-1CB8-41D6-B243-F1133026DD4A}.Release|Any CPU.Build.0 = Release|Any CPU
	EndGlobalSection
	GlobalSection(SolutionProperties) = preSolution
		HideSolutionNode = FALSE
	EndGlobalSection
	GlobalSection(ExtensibilityGlobals) = postSolution
		SolutionGuid = {91C322BC-B661-460A-A1BB-47DF850AC517}
	EndGlobalSection
EndGlobal
